// !$*UTF8*$!
{
	archiveVersion = 1;
	classes = {
	};
	objectVersion = 77;
	objects = {

/* Begin PBXBuildFile section */
		6E95E92B2E599F67000BB001 /* OpenAPIRuntime in Frameworks */ = {isa = PBXBuildFile; productRef = 6E95E92A2E599F67000BB001 /* OpenAPIRuntime */; };
		6E95E92E2E599F7C000BB001 /* OpenAPIURLSession in Frameworks */ = {isa = PBXBuildFile; productRef = 6E95E92D2E599F7C000BB001 /* OpenAPIURLSession */; };
		6E95ECBC2E6DF638000BB001 /* LaunchScreen.storyboard in Resources */ = {isa = PBXBuildFile; fileRef = 6E95ECBB2E6DF638000BB001 /* LaunchScreen.storyboard */; };
		6ED27EF42E916415005DE8BE /* OpenAPIRuntime in Frameworks */ = {isa = PBXBuildFile; productRef = 6ED27EF32E916415005DE8BE /* OpenAPIRuntime */; };
/* End PBXBuildFile section */

/* Begin PBXContainerItemProxy section */
		6EF492EF2E5758A100404D6E /* PBXContainerItemProxy */ = {
			isa = PBXContainerItemProxy;
			containerPortal = 6EF492D02E5758A000404D6E /* Project object */;
			proxyType = 1;
			remoteGlobalIDString = 6EF492D72E5758A000404D6E;
			remoteInfo = TravelSchedule;
		};
		6EF492F92E5758A100404D6E /* PBXContainerItemProxy */ = {
			isa = PBXContainerItemProxy;
			containerPortal = 6EF492D02E5758A000404D6E /* Project object */;
			proxyType = 1;
			remoteGlobalIDString = 6EF492D72E5758A000404D6E;
			remoteInfo = TravelSchedule;
		};
/* End PBXContainerItemProxy section */

/* Begin PBXFileReference section */
		6E95ECBB2E6DF638000BB001 /* LaunchScreen.storyboard */ = {isa = PBXFileReference; lastKnownFileType = file.storyboard; path = LaunchScreen.storyboard; sourceTree = "<group>"; };
		6EF492D82E5758A000404D6E /* TravelSchedule.app */ = {isa = PBXFileReference; explicitFileType = wrapper.application; includeInIndex = 0; path = TravelSchedule.app; sourceTree = BUILT_PRODUCTS_DIR; };
		6EF492EE2E5758A100404D6E /* TravelScheduleTests.xctest */ = {isa = PBXFileReference; explicitFileType = wrapper.cfbundle; includeInIndex = 0; path = TravelScheduleTests.xctest; sourceTree = BUILT_PRODUCTS_DIR; };
		6EF492F82E5758A100404D6E /* TravelScheduleUITests.xctest */ = {isa = PBXFileReference; explicitFileType = wrapper.cfbundle; includeInIndex = 0; path = TravelScheduleUITests.xctest; sourceTree = BUILT_PRODUCTS_DIR; };
/* End PBXFileReference section */

/* Begin PBXFileSystemSynchronizedBuildFileExceptionSet section */
		6EF493272E576E5600404D6E /* Exceptions for "TravelSchedule" folder in "TravelSchedule" target */ = {
			isa = PBXFileSystemSynchronizedBuildFileExceptionSet;
			membershipExceptions = (
				Resources/Info.plist,
			);
			target = 6EF492D72E5758A000404D6E /* TravelSchedule */;
		};
/* End PBXFileSystemSynchronizedBuildFileExceptionSet section */

/* Begin PBXFileSystemSynchronizedRootGroup section */
		6EF492DA2E5758A000404D6E /* TravelSchedule */ = {
			isa = PBXFileSystemSynchronizedRootGroup;
			exceptions = (
				6EF493272E576E5600404D6E /* Exceptions for "TravelSchedule" folder in "TravelSchedule" target */,
			);
			path = TravelSchedule;
			sourceTree = "<group>";
		};
		6EF492F12E5758A100404D6E /* TravelScheduleTests */ = {
			isa = PBXFileSystemSynchronizedRootGroup;
			path = TravelScheduleTests;
			sourceTree = "<group>";
		};
		6EF492FB2E5758A100404D6E /* TravelScheduleUITests */ = {
			isa = PBXFileSystemSynchronizedRootGroup;
			path = TravelScheduleUITests;
			sourceTree = "<group>";
		};
/* End PBXFileSystemSynchronizedRootGroup section */

/* Begin PBXFrameworksBuildPhase section */
		6EF492D52E5758A000404D6E /* Frameworks */ = {
			isa = PBXFrameworksBuildPhase;
			buildActionMask = 2147483647;
			files = (
				6E95E92E2E599F7C000BB001 /* OpenAPIURLSession in Frameworks */,
				6E95E92B2E599F67000BB001 /* OpenAPIRuntime in Frameworks */,
			);
			runOnlyForDeploymentPostprocessing = 0;
		};
		6EF492EB2E5758A100404D6E /* Frameworks */ = {
			isa = PBXFrameworksBuildPhase;
			buildActionMask = 2147483647;
			files = (
				6ED27EF42E916415005DE8BE /* OpenAPIRuntime in Frameworks */,
			);
			runOnlyForDeploymentPostprocessing = 0;
		};
		6EF492F52E5758A100404D6E /* Frameworks */ = {
			isa = PBXFrameworksBuildPhase;
			buildActionMask = 2147483647;
			files = (
			);
			runOnlyForDeploymentPostprocessing = 0;
		};
/* End PBXFrameworksBuildPhase section */

/* Begin PBXGroup section */
		6E95E8682E58B0AA000BB001 /* Frameworks */ = {
			isa = PBXGroup;
			children = (
			);
			name = Frameworks;
			sourceTree = "<group>";
		};
		6EF492CF2E5758A000404D6E = {
			isa = PBXGroup;
			children = (
				6E95ECBB2E6DF638000BB001 /* LaunchScreen.storyboard */,
				6EF492DA2E5758A000404D6E /* TravelSchedule */,
				6EF492F12E5758A100404D6E /* TravelScheduleTests */,
				6EF492FB2E5758A100404D6E /* TravelScheduleUITests */,
				6E95E8682E58B0AA000BB001 /* Frameworks */,
				6EF492D92E5758A000404D6E /* Products */,
			);
			sourceTree = "<group>";
		};
		6EF492D92E5758A000404D6E /* Products */ = {
			isa = PBXGroup;
			children = (
				6EF492D82E5758A000404D6E /* TravelSchedule.app */,
				6EF492EE2E5758A100404D6E /* TravelScheduleTests.xctest */,
				6EF492F82E5758A100404D6E /* TravelScheduleUITests.xctest */,
			);
			name = Products;
			sourceTree = "<group>";
		};
/* End PBXGroup section */

/* Begin PBXNativeTarget section */
		6EF492D72E5758A000404D6E /* TravelSchedule */ = {
			isa = PBXNativeTarget;
			buildConfigurationList = 6EF493012E5758A100404D6E /* Build configuration list for PBXNativeTarget "TravelSchedule" */;
			buildPhases = (
				6EF492D42E5758A000404D6E /* Sources */,
				6EF492D52E5758A000404D6E /* Frameworks */,
				6EF492D62E5758A000404D6E /* Resources */,
			);
			buildRules = (
			);
			dependencies = (
				6E95E9282E599BC3000BB001 /* PBXTargetDependency */,
			);
			fileSystemSynchronizedGroups = (
				6EF492DA2E5758A000404D6E /* TravelSchedule */,
			);
			name = TravelSchedule;
			packageProductDependencies = (
				6E95E92A2E599F67000BB001 /* OpenAPIRuntime */,
				6E95E92D2E599F7C000BB001 /* OpenAPIURLSession */,
			);
			productName = TravelSchedule;
			productReference = 6EF492D82E5758A000404D6E /* TravelSchedule.app */;
			productType = "com.apple.product-type.application";
		};
		6EF492ED2E5758A100404D6E /* TravelScheduleTests */ = {
			isa = PBXNativeTarget;
			buildConfigurationList = 6EF493062E5758A100404D6E /* Build configuration list for PBXNativeTarget "TravelScheduleTests" */;
			buildPhases = (
				6EF492EA2E5758A100404D6E /* Sources */,
				6EF492EB2E5758A100404D6E /* Frameworks */,
				6EF492EC2E5758A100404D6E /* Resources */,
			);
			buildRules = (
			);
			dependencies = (
				6EF492F02E5758A100404D6E /* PBXTargetDependency */,
			);
			fileSystemSynchronizedGroups = (
				6EF492F12E5758A100404D6E /* TravelScheduleTests */,
			);
			name = TravelScheduleTests;
			packageProductDependencies = (
				6ED27EF32E916415005DE8BE /* OpenAPIRuntime */,
			);
			productName = TravelScheduleTests;
			productReference = 6EF492EE2E5758A100404D6E /* TravelScheduleTests.xctest */;
			productType = "com.apple.product-type.bundle.unit-test";
		};
		6EF492F72E5758A100404D6E /* TravelScheduleUITests */ = {
			isa = PBXNativeTarget;
			buildConfigurationList = 6EF493092E5758A100404D6E /* Build configuration list for PBXNativeTarget "TravelScheduleUITests" */;
			buildPhases = (
				6EF492F42E5758A100404D6E /* Sources */,
				6EF492F52E5758A100404D6E /* Frameworks */,
				6EF492F62E5758A100404D6E /* Resources */,
			);
			buildRules = (
			);
			dependencies = (
				6EF492FA2E5758A100404D6E /* PBXTargetDependency */,
			);
			fileSystemSynchronizedGroups = (
				6EF492FB2E5758A100404D6E /* TravelScheduleUITests */,
			);
			name = TravelScheduleUITests;
			packageProductDependencies = (
			);
			productName = TravelScheduleUITests;
			productReference = 6EF492F82E5758A100404D6E /* TravelScheduleUITests.xctest */;
			productType = "com.apple.product-type.bundle.ui-testing";
		};
/* End PBXNativeTarget section */

/* Begin PBXProject section */
		6EF492D02E5758A000404D6E /* Project object */ = {
			isa = PBXProject;
			attributes = {
				BuildIndependentTargetsInParallel = 1;
				LastSwiftUpdateCheck = 1640;
				LastUpgradeCheck = 1640;
				TargetAttributes = {
					6EF492D72E5758A000404D6E = {
						CreatedOnToolsVersion = 16.4;
					};
					6EF492ED2E5758A100404D6E = {
						CreatedOnToolsVersion = 16.4;
						TestTargetID = 6EF492D72E5758A000404D6E;
					};
					6EF492F72E5758A100404D6E = {
						CreatedOnToolsVersion = 16.4;
						TestTargetID = 6EF492D72E5758A000404D6E;
					};
				};
			};
			buildConfigurationList = 6EF492D32E5758A000404D6E /* Build configuration list for PBXProject "TravelSchedule" */;
			developmentRegion = en;
			hasScannedForEncodings = 0;
			knownRegions = (
				en,
				Base,
			);
			mainGroup = 6EF492CF2E5758A000404D6E;
			minimizedProjectReferenceProxies = 1;
			packageReferences = (
				6E95E9242E599B6C000BB001 /* XCRemoteSwiftPackageReference "swift-openapi-generator" */,
				6E95E9292E599F67000BB001 /* XCRemoteSwiftPackageReference "swift-openapi-runtime" */,
				6E95E92C2E599F7C000BB001 /* XCRemoteSwiftPackageReference "swift-openapi-urlsession" */,
			);
			preferredProjectObjectVersion = 77;
			productRefGroup = 6EF492D92E5758A000404D6E /* Products */;
			projectDirPath = "";
			projectRoot = "";
			targets = (
				6EF492D72E5758A000404D6E /* TravelSchedule */,
				6EF492ED2E5758A100404D6E /* TravelScheduleTests */,
				6EF492F72E5758A100404D6E /* TravelScheduleUITests */,
			);
		};
/* End PBXProject section */

/* Begin PBXResourcesBuildPhase section */
		6EF492D62E5758A000404D6E /* Resources */ = {
			isa = PBXResourcesBuildPhase;
			buildActionMask = 2147483647;
			files = (
				6E95ECBC2E6DF638000BB001 /* LaunchScreen.storyboard in Resources */,
			);
			runOnlyForDeploymentPostprocessing = 0;
		};
		6EF492EC2E5758A100404D6E /* Resources */ = {
			isa = PBXResourcesBuildPhase;
			buildActionMask = 2147483647;
			files = (
			);
			runOnlyForDeploymentPostprocessing = 0;
		};
		6EF492F62E5758A100404D6E /* Resources */ = {
			isa = PBXResourcesBuildPhase;
			buildActionMask = 2147483647;
			files = (
			);
			runOnlyForDeploymentPostprocessing = 0;
		};
/* End PBXResourcesBuildPhase section */

/* Begin PBXSourcesBuildPhase section */
		6EF492D42E5758A000404D6E /* Sources */ = {
			isa = PBXSourcesBuildPhase;
			buildActionMask = 2147483647;
			files = (
			);
			runOnlyForDeploymentPostprocessing = 0;
		};
		6EF492EA2E5758A100404D6E /* Sources */ = {
			isa = PBXSourcesBuildPhase;
			buildActionMask = 2147483647;
			files = (
			);
			runOnlyForDeploymentPostprocessing = 0;
		};
		6EF492F42E5758A100404D6E /* Sources */ = {
			isa = PBXSourcesBuildPhase;
			buildActionMask = 2147483647;
			files = (
			);
			runOnlyForDeploymentPostprocessing = 0;
		};
/* End PBXSourcesBuildPhase section */

/* Begin PBXTargetDependency section */
		6E95E9282E599BC3000BB001 /* PBXTargetDependency */ = {
			isa = PBXTargetDependency;
			productRef = 6E95E9272E599BC3000BB001 /* OpenAPIGenerator */;
		};
		6EF492F02E5758A100404D6E /* PBXTargetDependency */ = {
			isa = PBXTargetDependency;
			target = 6EF492D72E5758A000404D6E /* TravelSchedule */;
			targetProxy = 6EF492EF2E5758A100404D6E /* PBXContainerItemProxy */;
		};
		6EF492FA2E5758A100404D6E /* PBXTargetDependency */ = {
			isa = PBXTargetDependency;
			target = 6EF492D72E5758A000404D6E /* TravelSchedule */;
			targetProxy = 6EF492F92E5758A100404D6E /* PBXContainerItemProxy */;
		};
/* End PBXTargetDependency section */

/* Begin XCBuildConfiguration section */
		6EF493022E5758A100404D6E /* Debug */ = {
			isa = XCBuildConfiguration;
			buildSettings = {
				ASSETCATALOG_COMPILER_APPICON_NAME = AppIcon;
				ASSETCATALOG_COMPILER_GLOBAL_ACCENT_COLOR_NAME = AccentColor;
				CODE_SIGN_IDENTITY = "Apple Development";
				CODE_SIGN_STYLE = Automatic;
				CURRENT_PROJECT_VERSION = 1;
				DEVELOPMENT_TEAM = 8C926633YZ;
				GENERATE_INFOPLIST_FILE = YES;
				INFOPLIST_FILE = TravelSchedule/Resources/Info.plist;
				INFOPLIST_KEY_UIApplicationSupportsIndirectInputEvents = YES;
				INFOPLIST_KEY_UILaunchStoryboardName = LaunchScreen;
				INFOPLIST_KEY_UIStatusBarHidden = NO;
				INFOPLIST_KEY_UIStatusBarStyle = "";
				INFOPLIST_KEY_UISupportedInterfaceOrientations = UIInterfaceOrientationPortrait;
				INFOPLIST_KEY_UISupportedInterfaceOrientations_iPad = "UIInterfaceOrientationLandscapeLeft UIInterfaceOrientationLandscapeRight UIInterfaceOrientationPortrait UIInterfaceOrientationPortraitUpsideDown";
				IPHONEOS_DEPLOYMENT_TARGET = 17.0;
				LD_RUNPATH_SEARCH_PATHS = (
					"$(inherited)",
					"@executable_path/Frameworks",
				);
				MARKETING_VERSION = 1.0;
				PRODUCT_BUNDLE_IDENTIFIER = ru.chernomyrdinan.Travel;
				PRODUCT_NAME = "$(TARGET_NAME)";
				PROVISIONING_PROFILE_SPECIFIER = "";
				SUPPORTED_PLATFORMS = "iphoneos iphonesimulator";
				SUPPORTS_MACCATALYST = NO;
				SUPPORTS_MAC_DESIGNED_FOR_IPHONE_IPAD = NO;
				SUPPORTS_XR_DESIGNED_FOR_IPHONE_IPAD = NO;
				SWIFT_EMIT_LOC_STRINGS = YES;
				SWIFT_VERSION = 5.0;
				TARGETED_DEVICE_FAMILY = 1;
			};
			name = Debug;
		};
		6EF493032E5758A100404D6E /* Release */ = {
			isa = XCBuildConfiguration;
			buildSettings = {
				ASSETCATALOG_COMPILER_APPICON_NAME = AppIcon;
				ASSETCATALOG_COMPILER_GLOBAL_ACCENT_COLOR_NAME = AccentColor;
				CODE_SIGN_IDENTITY = "Apple Development";
				CODE_SIGN_STYLE = Automatic;
				CURRENT_PROJECT_VERSION = 1;
				DEVELOPMENT_TEAM = 8C926633YZ;
				GENERATE_INFOPLIST_FILE = YES;
				INFOPLIST_FILE = TravelSchedule/Resources/Info.plist;
				INFOPLIST_KEY_UIApplicationSupportsIndirectInputEvents = YES;
				INFOPLIST_KEY_UILaunchStoryboardName = LaunchScreen;
				INFOPLIST_KEY_UIStatusBarHidden = NO;
				INFOPLIST_KEY_UIStatusBarStyle = "";
				INFOPLIST_KEY_UISupportedInterfaceOrientations = UIInterfaceOrientationPortrait;
				INFOPLIST_KEY_UISupportedInterfaceOrientations_iPad = "UIInterfaceOrientationLandscapeLeft UIInterfaceOrientationLandscapeRight UIInterfaceOrientationPortrait UIInterfaceOrientationPortraitUpsideDown";
				IPHONEOS_DEPLOYMENT_TARGET = 17.0;
				LD_RUNPATH_SEARCH_PATHS = (
					"$(inherited)",
					"@executable_path/Frameworks",
				);
				MARKETING_VERSION = 1.0;
				PRODUCT_BUNDLE_IDENTIFIER = ru.chernomyrdinan.Travel;
				PRODUCT_NAME = "$(TARGET_NAME)";
				PROVISIONING_PROFILE_SPECIFIER = "";
				SUPPORTED_PLATFORMS = "iphoneos iphonesimulator";
				SUPPORTS_MACCATALYST = NO;
				SUPPORTS_MAC_DESIGNED_FOR_IPHONE_IPAD = NO;
				SUPPORTS_XR_DESIGNED_FOR_IPHONE_IPAD = NO;
				SWIFT_EMIT_LOC_STRINGS = YES;
				SWIFT_VERSION = 5.0;
				TARGETED_DEVICE_FAMILY = 1;
			};
			name = Release;
		};
		6EF493042E5758A100404D6E /* Debug */ = {
			isa = XCBuildConfiguration;
			buildSettings = {
				ALWAYS_SEARCH_USER_PATHS = NO;
				ASSETCATALOG_COMPILER_GENERATE_SWIFT_ASSET_SYMBOL_EXTENSIONS = YES;
				CLANG_ANALYZER_NONNULL = YES;
				CLANG_ANALYZER_NUMBER_OBJECT_CONVERSION = YES_AGGRESSIVE;
				CLANG_CXX_LANGUAGE_STANDARD = "gnu++20";
				CLANG_ENABLE_MODULES = YES;
				CLANG_ENABLE_OBJC_ARC = YES;
				CLANG_ENABLE_OBJC_WEAK = YES;
				CLANG_WARN_BLOCK_CAPTURE_AUTORELEASING = YES;
				CLANG_WARN_BOOL_CONVERSION = YES;
				CLANG_WARN_COMMA = YES;
				CLANG_WARN_CONSTANT_CONVERSION = YES;
				CLANG_WARN_DEPRECATED_OBJC_IMPLEMENTATIONS = YES;
				CLANG_WARN_DIRECT_OBJC_ISA_USAGE = YES_ERROR;
				CLANG_WARN_DOCUMENTATION_COMMENTS = YES;
				CLANG_WARN_EMPTY_BODY = YES;
				CLANG_WARN_ENUM_CONVERSION = YES;
				CLANG_WARN_INFINITE_RECURSION = YES;
				CLANG_WARN_INT_CONVERSION = YES;
				CLANG_WARN_NON_LITERAL_NULL_CONVERSION = YES;
				CLANG_WARN_OBJC_IMPLICIT_RETAIN_SELF = YES;
				CLANG_WARN_OBJC_LITERAL_CONVERSION = YES;
				CLANG_WARN_OBJC_ROOT_CLASS = YES_ERROR;
				CLANG_WARN_QUOTED_INCLUDE_IN_FRAMEWORK_HEADER = YES;
				CLANG_WARN_RANGE_LOOP_ANALYSIS = YES;
				CLANG_WARN_STRICT_PROTOTYPES = YES;
				CLANG_WARN_SUSPICIOUS_MOVE = YES;
				CLANG_WARN_UNGUARDED_AVAILABILITY = YES_AGGRESSIVE;
				CLANG_WARN_UNREACHABLE_CODE = YES;
				CLANG_WARN__DUPLICATE_METHOD_MATCH = YES;
				COPY_PHASE_STRIP = NO;
				DEBUG_INFORMATION_FORMAT = dwarf;
				DEVELOPMENT_TEAM = 8C926633YZ;
				ENABLE_STRICT_OBJC_MSGSEND = YES;
				ENABLE_TESTABILITY = YES;
				ENABLE_USER_SCRIPT_SANDBOXING = YES;
				GCC_C_LANGUAGE_STANDARD = gnu17;
				GCC_DYNAMIC_NO_PIC = NO;
				GCC_NO_COMMON_BLOCKS = YES;
				GCC_OPTIMIZATION_LEVEL = 0;
				GCC_PREPROCESSOR_DEFINITIONS = (
					"DEBUG=1",
					"$(inherited)",
				);
				GCC_WARN_64_TO_32_BIT_CONVERSION = YES;
				GCC_WARN_ABOUT_RETURN_TYPE = YES_ERROR;
				GCC_WARN_UNDECLARED_SELECTOR = YES;
				GCC_WARN_UNINITIALIZED_AUTOS = YES_AGGRESSIVE;
				GCC_WARN_UNUSED_FUNCTION = YES;
				GCC_WARN_UNUSED_VARIABLE = YES;
				IPHONEOS_DEPLOYMENT_TARGET = 18.5;
				LOCALIZATION_PREFERS_STRING_CATALOGS = YES;
				MTL_ENABLE_DEBUG_INFO = INCLUDE_SOURCE;
				MTL_FAST_MATH = YES;
				ONLY_ACTIVE_ARCH = YES;
				SDKROOT = iphoneos;
				SWIFT_ACTIVE_COMPILATION_CONDITIONS = "DEBUG $(inherited)";
				SWIFT_OPTIMIZATION_LEVEL = "-Onone";
				SWIFT_STRICT_CONCURRENCY = complete;
			};
			name = Debug;
		};
		6EF493052E5758A100404D6E /* Release */ = {
			isa = XCBuildConfiguration;
			buildSettings = {
				ALWAYS_SEARCH_USER_PATHS = NO;
				ASSETCATALOG_COMPILER_GENERATE_SWIFT_ASSET_SYMBOL_EXTENSIONS = YES;
				CLANG_ANALYZER_NONNULL = YES;
				CLANG_ANALYZER_NUMBER_OBJECT_CONVERSION = YES_AGGRESSIVE;
				CLANG_CXX_LANGUAGE_STANDARD = "gnu++20";
				CLANG_ENABLE_MODULES = YES;
				CLANG_ENABLE_OBJC_ARC = YES;
				CLANG_ENABLE_OBJC_WEAK = YES;
				CLANG_WARN_BLOCK_CAPTURE_AUTORELEASING = YES;
				CLANG_WARN_BOOL_CONVERSION = YES;
				CLANG_WARN_COMMA = YES;
				CLANG_WARN_CONSTANT_CONVERSION = YES;
				CLANG_WARN_DEPRECATED_OBJC_IMPLEMENTATIONS = YES;
				CLANG_WARN_DIRECT_OBJC_ISA_USAGE = YES_ERROR;
				CLANG_WARN_DOCUMENTATION_COMMENTS = YES;
				CLANG_WARN_EMPTY_BODY = YES;
				CLANG_WARN_ENUM_CONVERSION = YES;
				CLANG_WARN_INFINITE_RECURSION = YES;
				CLANG_WARN_INT_CONVERSION = YES;
				CLANG_WARN_NON_LITERAL_NULL_CONVERSION = YES;
				CLANG_WARN_OBJC_IMPLICIT_RETAIN_SELF = YES;
				CLANG_WARN_OBJC_LITERAL_CONVERSION = YES;
				CLANG_WARN_OBJC_ROOT_CLASS = YES_ERROR;
				CLANG_WARN_QUOTED_INCLUDE_IN_FRAMEWORK_HEADER = YES;
				CLANG_WARN_RANGE_LOOP_ANALYSIS = YES;
				CLANG_WARN_STRICT_PROTOTYPES = YES;
				CLANG_WARN_SUSPICIOUS_MOVE = YES;
				CLANG_WARN_UNGUARDED_AVAILABILITY = YES_AGGRESSIVE;
				CLANG_WARN_UNREACHABLE_CODE = YES;
				CLANG_WARN__DUPLICATE_METHOD_MATCH = YES;
				COPY_PHASE_STRIP = NO;
				DEBUG_INFORMATION_FORMAT = "dwarf-with-dsym";
				DEVELOPMENT_TEAM = 8C926633YZ;
				ENABLE_NS_ASSERTIONS = NO;
				ENABLE_STRICT_OBJC_MSGSEND = YES;
				ENABLE_USER_SCRIPT_SANDBOXING = YES;
				GCC_C_LANGUAGE_STANDARD = gnu17;
				GCC_NO_COMMON_BLOCKS = YES;
				GCC_WARN_64_TO_32_BIT_CONVERSION = YES;
				GCC_WARN_ABOUT_RETURN_TYPE = YES_ERROR;
				GCC_WARN_UNDECLARED_SELECTOR = YES;
				GCC_WARN_UNINITIALIZED_AUTOS = YES_AGGRESSIVE;
				GCC_WARN_UNUSED_FUNCTION = YES;
				GCC_WARN_UNUSED_VARIABLE = YES;
				IPHONEOS_DEPLOYMENT_TARGET = 18.5;
				LOCALIZATION_PREFERS_STRING_CATALOGS = YES;
				MTL_ENABLE_DEBUG_INFO = NO;
				MTL_FAST_MATH = YES;
				SDKROOT = iphoneos;
				SWIFT_COMPILATION_MODE = wholemodule;
				SWIFT_STRICT_CONCURRENCY = complete;
				VALIDATE_PRODUCT = YES;
			};
			name = Release;
		};
		6EF493072E5758A100404D6E /* Debug */ = {
			isa = XCBuildConfiguration;
			buildSettings = {
				BUNDLE_LOADER = "$(TEST_HOST)";
				"CODE_SIGN_IDENTITY[sdk=macosx*]" = "Apple Development";
				CODE_SIGN_STYLE = Automatic;
				CURRENT_PROJECT_VERSION = 1;
				DEVELOPMENT_TEAM = 8C926633YZ;
				GENERATE_INFOPLIST_FILE = YES;
				IPHONEOS_DEPLOYMENT_TARGET = 18.2;
				MARKETING_VERSION = 1.0;
				PRODUCT_BUNDLE_IDENTIFIER = ru.chernomyrdinan.practicum.TravelScheduleTests;
				PRODUCT_NAME = "$(TARGET_NAME)";
				SWIFT_EMIT_LOC_STRINGS = NO;
				SWIFT_VERSION = 5.0;
				TARGETED_DEVICE_FAMILY = "1,2";
				TEST_HOST = "$(BUILT_PRODUCTS_DIR)/TravelSchedule.app/$(BUNDLE_EXECUTABLE_FOLDER_PATH)/TravelSchedule";
			};
			name = Debug;
		};
		6EF493082E5758A100404D6E /* Release */ = {
			isa = XCBuildConfiguration;
			buildSettings = {
				BUNDLE_LOADER = "$(TEST_HOST)";
				"CODE_SIGN_IDENTITY[sdk=macosx*]" = "Apple Development";
				CODE_SIGN_STYLE = Automatic;
				CURRENT_PROJECT_VERSION = 1;
				DEVELOPMENT_TEAM = 8C926633YZ;
				GENERATE_INFOPLIST_FILE = YES;
				IPHONEOS_DEPLOYMENT_TARGET = 18.2;
				MARKETING_VERSION = 1.0;
				PRODUCT_BUNDLE_IDENTIFIER = ru.chernomyrdinan.practicum.TravelScheduleTests;
				PRODUCT_NAME = "$(TARGET_NAME)";
				SWIFT_EMIT_LOC_STRINGS = NO;
				SWIFT_VERSION = 5.0;
				TARGETED_DEVICE_FAMILY = "1,2";
				TEST_HOST = "$(BUILT_PRODUCTS_DIR)/TravelSchedule.app/$(BUNDLE_EXECUTABLE_FOLDER_PATH)/TravelSchedule";
			};
			name = Release;
		};
		6EF4930A2E5758A100404D6E /* Debug */ = {
			isa = XCBuildConfiguration;
			buildSettings = {
				CODE_SIGN_IDENTITY = "Apple Development";
				CODE_SIGN_STYLE = Automatic;
				CURRENT_PROJECT_VERSION = 1;
				DEVELOPMENT_TEAM = "";
				GENERATE_INFOPLIST_FILE = YES;
				MARKETING_VERSION = 1.0;
				PRODUCT_BUNDLE_IDENTIFIER = ru.chernomyrdinan.practicum.TravelScheduleUITests;
				PRODUCT_NAME = "$(TARGET_NAME)";
				PROVISIONING_PROFILE_SPECIFIER = "";
				SWIFT_EMIT_LOC_STRINGS = NO;
				SWIFT_VERSION = 5.0;
				TARGETED_DEVICE_FAMILY = "1,2";
				TEST_TARGET_NAME = TravelSchedule;
			};
			name = Debug;
		};
		6EF4930B2E5758A100404D6E /* Release */ = {
			isa = XCBuildConfiguration;
			buildSettings = {
				CODE_SIGN_IDENTITY = "Apple Development";
				CODE_SIGN_STYLE = Automatic;
				CURRENT_PROJECT_VERSION = 1;
				DEVELOPMENT_TEAM = "";
				GENERATE_INFOPLIST_FILE = YES;
				MARKETING_VERSION = 1.0;
				PRODUCT_BUNDLE_IDENTIFIER = ru.chernomyrdinan.practicum.TravelScheduleUITests;
				PRODUCT_NAME = "$(TARGET_NAME)";
				PROVISIONING_PROFILE_SPECIFIER = "";
				SWIFT_EMIT_LOC_STRINGS = NO;
				SWIFT_VERSION = 5.0;
				TARGETED_DEVICE_FAMILY = "1,2";
				TEST_TARGET_NAME = TravelSchedule;
			};
			name = Release;
		};
/* End XCBuildConfiguration section */

/* Begin XCConfigurationList section */
		6EF492D32E5758A000404D6E /* Build configuration list for PBXProject "TravelSchedule" */ = {
			isa = XCConfigurationList;
			buildConfigurations = (
				6EF493042E5758A100404D6E /* Debug */,
				6EF493052E5758A100404D6E /* Release */,
			);
			defaultConfigurationIsVisible = 0;
			defaultConfigurationName = Release;
		};
		6EF493012E5758A100404D6E /* Build configuration list for PBXNativeTarget "TravelSchedule" */ = {
			isa = XCConfigurationList;
			buildConfigurations = (
				6EF493022E5758A100404D6E /* Debug */,
				6EF493032E5758A100404D6E /* Release */,
			);
			defaultConfigurationIsVisible = 0;
			defaultConfigurationName = Release;
		};
		6EF493062E5758A100404D6E /* Build configuration list for PBXNativeTarget "TravelScheduleTests" */ = {
			isa = XCConfigurationList;
			buildConfigurations = (
				6EF493072E5758A100404D6E /* Debug */,
				6EF493082E5758A100404D6E /* Release */,
			);
			defaultConfigurationIsVisible = 0;
			defaultConfigurationName = Release;
		};
		6EF493092E5758A100404D6E /* Build configuration list for PBXNativeTarget "TravelScheduleUITests" */ = {
			isa = XCConfigurationList;
			buildConfigurations = (
				6EF4930A2E5758A100404D6E /* Debug */,
				6EF4930B2E5758A100404D6E /* Release */,
			);
			defaultConfigurationIsVisible = 0;
			defaultConfigurationName = Release;
		};
/* End XCConfigurationList section */

/* Begin XCRemoteSwiftPackageReference section */
		6E95E9242E599B6C000BB001 /* XCRemoteSwiftPackageReference "swift-openapi-generator" */ = {
			isa = XCRemoteSwiftPackageReference;
			repositoryURL = "https://github.com/apple/swift-openapi-generator";
			requirement = {
				kind = upToNextMajorVersion;
				minimumVersion = 1.10.2;
			};
		};
		6E95E9292E599F67000BB001 /* XCRemoteSwiftPackageReference "swift-openapi-runtime" */ = {
			isa = XCRemoteSwiftPackageReference;
			repositoryURL = "https://github.com/apple/swift-openapi-runtime/";
			requirement = {
				kind = upToNextMajorVersion;
				minimumVersion = 1.8.2;
			};
		};
		6E95E92C2E599F7C000BB001 /* XCRemoteSwiftPackageReference "swift-openapi-urlsession" */ = {
			isa = XCRemoteSwiftPackageReference;
			repositoryURL = "https://github.com/apple/swift-openapi-urlsession";
			requirement = {
				kind = upToNextMajorVersion;
				minimumVersion = 1.1.0;
			};
		};
/* End XCRemoteSwiftPackageReference section */

/* Begin XCSwiftPackageProductDependency section */
		6E95E9272E599BC3000BB001 /* OpenAPIGenerator */ = {
			isa = XCSwiftPackageProductDependency;
			package = 6E95E9242E599B6C000BB001 /* XCRemoteSwiftPackageReference "swift-openapi-generator" */;
			productName = "plugin:OpenAPIGenerator";
		};
		6E95E92A2E599F67000BB001 /* OpenAPIRuntime */ = {
			isa = XCSwiftPackageProductDependency;
			package = 6E95E9292E599F67000BB001 /* XCRemoteSwiftPackageReference "swift-openapi-runtime" */;
			productName = OpenAPIRuntime;
		};
		6E95E92D2E599F7C000BB001 /* OpenAPIURLSession */ = {
			isa = XCSwiftPackageProductDependency;
			package = 6E95E92C2E599F7C000BB001 /* XCRemoteSwiftPackageReference "swift-openapi-urlsession" */;
			productName = OpenAPIURLSession;
		};
		6ED27EF32E916415005DE8BE /* OpenAPIRuntime */ = {
			isa = XCSwiftPackageProductDependency;
			package = 6E95E9292E599F67000BB001 /* XCRemoteSwiftPackageReference "swift-openapi-runtime" */;
			productName = OpenAPIRuntime;
		};
/* End XCSwiftPackageProductDependency section */
	};
	rootObject = 6EF492D02E5758A000404D6E /* Project object */;
}
